<?xml version="1.0" encoding="utf-8"?>
<Project ToolsVersion="4.0" xmlns="http://schemas.microsoft.com/developer/msbuild/2003">
  <ItemGroup>
    <Filter Include="Source Files">
      <UniqueIdentifier>{4FC737F1-C7A5-4376-A066-2A32D752A2FF}</UniqueIdentifier>
      <Extensions>cpp;c;cc;cxx;c++;cppm;ixx;def;odl;idl;hpj;bat;asm;asmx</Extensions>
    </Filter>
    <Filter Include="Header Files">
      <UniqueIdentifier>{93995380-89BD-4b04-88EB-625FBE52EBFB}</UniqueIdentifier>
      <Extensions>h;hh;hpp;hxx;h++;hm;inl;inc;ipp;xsd</Extensions>
    </Filter>
    <Filter Include="Resource Files">
      <UniqueIdentifier>{67DA6AB6-F800-4c08-8B7A-83BB121AAD01}</UniqueIdentifier>
      <Extensions>rc;ico;cur;bmp;dlg;rc2;rct;bin;rgs;gif;jpg;jpeg;jpe;resx;tiff;tif;png;wav;mfcribbon-ms</Extensions>
    </Filter>
    <Filter Include="Source Files\Lesson1">
      <UniqueIdentifier>{b7d77e8d-790a-4028-8753-28372ce51526}</UniqueIdentifier>
    </Filter>
    <Filter Include="Source Files\Lesson2">
      <UniqueIdentifier>{abe1339a-a8d2-409a-af4d-165a92895af0}</UniqueIdentifier>
    </Filter>
    <Filter Include="Source Files\Lesson3">
      <UniqueIdentifier>{318ad776-9809-4134-8cb8-9425991b7947}</UniqueIdentifier>
    </Filter>
  </ItemGroup>
  <ItemGroup>
    <ClCompile Include="Lesson1-1-start.c">
      <Filter>Source Files\Lesson1</Filter>
    </ClCompile>
    <ClCompile Include="Lesson2-1-Start.c">
      <Filter>Source Files\Lesson2</Filter>
    </ClCompile>
    <ClCompile Include="Lesson1-2-printf.c">
      <Filter>Source Files\Lesson1</Filter>
    </ClCompile>
    <ClCompile Include="Lesson2-2-Num.c">
      <Filter>Source Files\Lesson2</Filter>
    </ClCompile>
    <ClCompile Include="Lesson2-3-Operations.c">
      <Filter>Source Files\Lesson2</Filter>
    </ClCompile>
    <ClCompile Include="Lesson2-4-Scanf.c">
      <Filter>Source Files\Lesson2</Filter>
    </ClCompile>
    <ClCompile Include="Lesson3-1.c">
      <Filter>Source Files\Lesson3</Filter>
    </ClCompile>
    <ClCompile Include="Lesson3-2-amp.c">
      <Filter>Source Files\Lesson3</Filter>
    </ClCompile>
    <ClCompile Include="Lesson3-3-if.c">
      <Filter>Source Files\Lesson3</Filter>
    </ClCompile>
  </ItemGroup>
</Project>